
Microsoft Visual Studio Solution File, Format Version 12.00
# Visual Studio 15
VisualStudioVersion = 15.0.28307.168
MinimumVisualStudioVersion = 10.0.40219.1
Project("{9A19103F-16F7-4668-BE54-9A1E7A4F7556}") = "A3D.Library", "A3D.Library\A3D.Library.csproj", "{DB77515C-DF08-4D94-8D65-BBF45219B82F}"
EndProject
Project("{9A19103F-16F7-4668-BE54-9A1E7A4F7556}") = "A3D.Api", "A3D.Api\A3D.Api.csproj", "{CC0140A6-7CD2-406F-9113-5DF62BC22C73}"
EndProject
Project("{FAE04EC0-301F-11D3-BF4B-00C04F79EFBC}") = "A3D.Authentication", "A3D.Authentication\A3D.Authentication.csproj", "{5AF80826-8DF7-4F29-AC07-B2CC11E16F65}"
EndProject
Global
	GlobalSection(SolutionConfigurationPlatforms) = preSolution
		Debug|Any CPU = Debug|Any CPU
		Release|Any CPU = Release|Any CPU
	EndGlobalSection
	GlobalSection(ProjectConfigurationPlatforms) = postSolution
		{DB77515C-DF08-4D94-8D65-BBF45219B82F}.Debug|Any CPU.ActiveCfg = Debug|Any CPU
		{DB77515C-DF08-4D94-8D65-BBF45219B82F}.Debug|Any CPU.Build.0 = Debug|Any CPU
		{DB77515C-DF08-4D94-8D65-BBF45219B82F}.Release|Any CPU.ActiveCfg = Release|Any CPU
		{DB77515C-DF08-4D94-8D65-BBF45219B82F}.Release|Any CPU.Build.0 = Release|Any CPU
		{CC0140A6-7CD2-406F-9113-5DF62BC22C73}.Debug|Any CPU.ActiveCfg = Debug|Any CPU
		{CC0140A6-7CD2-406F-9113-5DF62BC22C73}.Debug|Any CPU.Build.0 = Debug|Any CPU
		{CC0140A6-7CD2-406F-9113-5DF62BC22C73}.Release|Any CPU.ActiveCfg = Release|Any CPU
		{CC0140A6-7CD2-406F-9113-5DF62BC22C73}.Release|Any CPU.Build.0 = Release|Any CPU
		{5AF80826-8DF7-4F29-AC07-B2CC11E16F65}.Debug|Any CPU.ActiveCfg = Debug|Any CPU
		{5AF80826-8DF7-4F29-AC07-B2CC11E16F65}.Debug|Any CPU.Build.0 = Debug|Any CPU
		{5AF80826-8DF7-4F29-AC07-B2CC11E16F65}.Release|Any CPU.ActiveCfg = Release|Any CPU
		{5AF80826-8DF7-4F29-AC07-B2CC11E16F65}.Release|Any CPU.Build.0 = Release|Any CPU
	EndGlobalSection
	GlobalSection(SolutionProperties) = preSolution
		HideSolutionNode = FALSE
	EndGlobalSection
	GlobalSection(ExtensibilityGlobals) = postSolution
		SolutionGuid = {6414025A-7CA3-4633-B45B-9741CBC20AA0}
	EndGlobalSection
EndGlobal
